
Microsoft Visual Studio Solution File, Format Version 12.00
# Visual Studio Version 17
VisualStudioVersion = 17.5.33516.290
MinimumVisualStudioVersion = 10.0.40219.1
Project("{FAE04EC0-301F-11D3-BF4B-00C04F79EFBC}") = "Sandbox-Club", "Sandbox-Club\Sandbox-Club.csproj", "{AD948769-A696-4A17-A0F4-5CD2F14343A6}"
EndProject
Project("{FAE04EC0-301F-11D3-BF4B-00C04F79EFBC}") = "TestsForSandboxClub", "TestsForSandboxClub\TestsForSandboxClub.csproj", "{00E09AA1-3453-4378-8BE7-305E9E0343D9}"
EndProject
Global
	GlobalSection(SolutionConfigurationPlatforms) = preSolution
		Debug|Any CPU = Debug|Any CPU
		Release|Any CPU = Release|Any CPU
	EndGlobalSection
	GlobalSection(ProjectConfigurationPlatforms) = postSolution
		{AD948769-A696-4A17-A0F4-5CD2F14343A6}.Debug|Any CPU.ActiveCfg = Debug|Any CPU
		{AD948769-A696-4A17-A0F4-5CD2F14343A6}.Debug|Any CPU.Build.0 = Debug|Any CPU
		{AD948769-A696-4A17-A0F4-5CD2F14343A6}.Release|Any CPU.ActiveCfg = Release|Any CPU
		{AD948769-A696-4A17-A0F4-5CD2F14343A6}.Release|Any CPU.Build.0 = Release|Any CPU
		{00E09AA1-3453-4378-8BE7-305E9E0343D9}.Debug|Any CPU.ActiveCfg = Debug|Any CPU
		{00E09AA1-3453-4378-8BE7-305E9E0343D9}.Debug|Any CPU.Build.0 = Debug|Any CPU
		{00E09AA1-3453-4378-8BE7-305E9E0343D9}.Release|Any CPU.ActiveCfg = Release|Any CPU
		{00E09AA1-3453-4378-8BE7-305E9E0343D9}.Release|Any CPU.Build.0 = Release|Any CPU
	EndGlobalSection
	GlobalSection(SolutionProperties) = preSolution
		HideSolutionNode = FALSE
	EndGlobalSection
	GlobalSection(ExtensibilityGlobals) = postSolution
		SolutionGuid = {C2985D51-38B4-4CA3-8A08-5B1D39FF18A7}
	EndGlobalSection
EndGlobal
